
Microsoft Visual Studio Solution File, Format Version 12.00
# Visual Studio Version 17
VisualStudioVersion = 17.7.34024.191
MinimumVisualStudioVersion = 10.0.40219.1
Project("{9A19103F-16F7-4668-BE54-9A1E7A4F7556}") = "WinForms_GameCore", "WinForms_GameCore.csproj", "{69DD02AB-8DEF-4482-BEF8-99B34EAB09D4}"
EndProject
Global
	GlobalSection(SolutionConfigurationPlatforms) = preSolution
		Debug|Any CPU = Debug|Any CPU
		Release|Any CPU = Release|Any CPU
	EndGlobalSection
	GlobalSection(ProjectConfigurationPlatforms) = postSolution
		{69DD02AB-8DEF-4482-BEF8-99B34EAB09D4}.Debug|Any CPU.ActiveCfg = Debug|Any CPU
		{69DD02AB-8DEF-4482-BEF8-99B34EAB09D4}.Debug|Any CPU.Build.0 = Debug|Any CPU
		{69DD02AB-8DEF-4482-BEF8-99B34EAB09D4}.Release|Any CPU.ActiveCfg = Release|Any CPU
		{69DD02AB-8DEF-4482-BEF8-99B34EAB09D4}.Release|Any CPU.Build.0 = Release|Any CPU
	EndGlobalSection
	GlobalSection(SolutionProperties) = preSolution
		HideSolutionNode = FALSE
	EndGlobalSection
	GlobalSection(ExtensibilityGlobals) = postSolution
		SolutionGuid = {BAE04FCC-B3F7-4B0B-9274-8E31AF31F1D5}
	EndGlobalSection
EndGlobal
